{
  "originHash" : "e64a45c6e95c34f00c40f5a7a0d463ee03be3df40d8180c95859432d024276ff",
  "pins" : [
    {
      "identity" : "keyboardshortcuts",
      "kind" : "remoteSourceControl",
      "location" : "https://github.com/elva-labs/KeyboardShortcuts",
      "state" : {
        "revision" : "471fd405fbb5ad1abd0bdb8165a6769c39e0a200",
        "version" : "2.4.0-elva.1"
      }
    }
  ],
  "version" : 3
}
